<?xml version="1.0" encoding="utf-8"?>
<Project ToolsVersion="4.0" xmlns="http://schemas.microsoft.com/developer/msbuild/2003">
  <ItemGroup>
    <Filter Include="Source Files">
      <UniqueIdentifier>{4FC737F1-C7A5-4376-A066-2A32D752A2FF}</UniqueIdentifier>
      <Extensions>cpp;c;cc;cxx;def;odl;idl;hpj;bat;asm;asmx</Extensions>
    </Filter>
    <Filter Include="Resources">
      <UniqueIdentifier>{3668d04f-a3c5-4e45-ad64-06091a499b3e}</UniqueIdentifier>
    </Filter>
  </ItemGroup>
  <ItemGroup>
    <ClInclude Include="source\resources\fonts.h">
      <Filter>Resources</Filter>
    </ClInclude>
    <ClInclude Include="source\resources\textures.h">
      <Filter>Resources</Filter>
    </ClInclude>
    <ClInclude Include="..\common\state_machine.h">
      <Filter>Source Files</Filter>
    </ClInclude>
    <ClInclude Include="..\utils\color.h" />
    <ClInclude Include="..\utils\math.h" />
    <ClInclude Include="..\utils\point.h" />
    <ClInclude Include="..\utils\rect.h" />
    <ClInclude Include="..\utils\Size.h" />
  </ItemGroup>
  <ItemGroup>
    <ClCompile Include="source\main.cpp">
      <Filter>Source Files</Filter>
    </ClCompile>
    <ClCompile Include="source\resources\fonts.cpp">
      <Filter>Resources</Filter>
    </ClCompile>
    <ClCompile Include="source\resources\textures.cpp">
      <Filter>Resources</Filter>
    </ClCompile>
  </ItemGroup>
</Project>