<?xml version="1.0" encoding="utf-8"?>
<Project ToolsVersion="4.0" xmlns="http://schemas.microsoft.com/developer/msbuild/2003">
  <ItemGroup>
    <Filter Include="Source Files">
      <UniqueIdentifier>{4FC737F1-C7A5-4376-A066-2A32D752A2FF}</UniqueIdentifier>
      <Extensions>cpp;c;cc;cxx;def;odl;idl;hpj;bat;asm;asmx</Extensions>
    </Filter>
    <Filter Include="Utils">
      <UniqueIdentifier>{9605f14f-62d1-44e3-b4c6-c7425b0a195a}</UniqueIdentifier>
    </Filter>
    <Filter Include="Resources">
      <UniqueIdentifier>{3668d04f-a3c5-4e45-ad64-06091a499b3e}</UniqueIdentifier>
    </Filter>
  </ItemGroup>
  <ItemGroup>
    <ClInclude Include="source\resources\fonts.h">
      <Filter>Resources</Filter>
    </ClInclude>
    <ClInclude Include="source\Utils\color.h">
      <Filter>Utils</Filter>
    </ClInclude>
    <ClInclude Include="source\Utils\math.h">
      <Filter>Utils</Filter>
    </ClInclude>
    <ClInclude Include="source\Utils\point.h">
      <Filter>Utils</Filter>
    </ClInclude>
    <ClInclude Include="source\Utils\rect.h">
      <Filter>Utils</Filter>
    </ClInclude>
    <ClInclude Include="source\Utils\size.h">
      <Filter>Utils</Filter>
    </ClInclude>
    <ClInclude Include="..\common\logging.h">
      <Filter>Utils</Filter>
    </ClInclude>
    <ClInclude Include="..\common\string.h">
      <Filter>Utils</Filter>
    </ClInclude>
    <ClInclude Include="source\resources\textures.h">
      <Filter>Resources</Filter>
    </ClInclude>
  </ItemGroup>
  <ItemGroup>
    <ClCompile Include="source\main.cpp">
      <Filter>Source Files</Filter>
    </ClCompile>
    <ClCompile Include="source\resources\fonts.cpp">
      <Filter>Resources</Filter>
    </ClCompile>
    <ClCompile Include="source\resources\textures.cpp">
      <Filter>Resources</Filter>
    </ClCompile>
  </ItemGroup>
</Project>